// !$*UTF8*$!
{
	archiveVersion = 1;
	classes = {
	};
	objectVersion = 56;
	objects = {

/* Begin PBXBuildFile section */
		EA39D6232C694FF600C5FBE8 /* AudioToTextApp.swift in Sources */ = {isa = PBXBuildFile; fileRef = EA39D6222C694FF600C5FBE8 /* AudioToTextApp.swift */; };
		EA39D6252C694FF600C5FBE8 /* ContentView.swift in Sources */ = {isa = PBXBuildFile; fileRef = EA39D6242C694FF600C5FBE8 /* ContentView.swift */; };
		EA39D6272C694FF800C5FBE8 /* Assets.xcassets in Resources */ = {isa = PBXBuildFile; fileRef = EA39D6262C694FF800C5FBE8 /* Assets.xcassets */; };
		EA39D62A2C694FF800C5FBE8 /* Preview Assets.xcassets in Resources */ = {isa = PBXBuildFile; fileRef = EA39D6292C694FF800C5FBE8 /* Preview Assets.xcassets */; };
		EA82CF602C9128E60075DAF1 /* AudioToTextTests.swift in Sources */ = {isa = PBXBuildFile; fileRef = EA82CF5F2C9128E60075DAF1 /* AudioToTextTests.swift */; };
		EA82CF682C9131D30075DAF1 /* TranscriptView.swift in Sources */ = {isa = PBXBuildFile; fileRef = EA82CF672C9131D30075DAF1 /* TranscriptView.swift */; };
		EA98F4F52CB1B3B9005B14DE /* MultipartRequest.swift in Sources */ = {isa = PBXBuildFile; fileRef = EA98F4F42CB1B3B8005B14DE /* MultipartRequest.swift */; };
		EA98F4F82CB24C2B005B14DE /* WhisperKit in Frameworks */ = {isa = PBXBuildFile; productRef = EA98F4F72CB24C2B005B14DE /* WhisperKit */; };
		EA98F4FB2CB381E8005B14DE /* FileManager.swift in Sources */ = {isa = PBXBuildFile; fileRef = EA98F4FA2CB381E0005B14DE /* FileManager.swift */; };
		EAA005D82C782EDE003BA057 /* AudioPlayerViewModel.swift in Sources */ = {isa = PBXBuildFile; fileRef = EAA005D72C782EDE003BA057 /* AudioPlayerViewModel.swift */; };
		EAA005DC2C783727003BA057 /* AudioPlayerView.swift in Sources */ = {isa = PBXBuildFile; fileRef = EAA005DB2C783727003BA057 /* AudioPlayerView.swift */; };
		EAA005DE2C783946003BA057 /* AudioFile.swift in Sources */ = {isa = PBXBuildFile; fileRef = EAA005DD2C783946003BA057 /* AudioFile.swift */; };
		EAA21B042CAE483A00E84E99 /* TranscriptManager.swift in Sources */ = {isa = PBXBuildFile; fileRef = EAA21B032CAE483A00E84E99 /* TranscriptManager.swift */; };
		EAA21B062CAE4A9200E84E99 /* french.mp3 in Resources */ = {isa = PBXBuildFile; fileRef = EAA21B052CAE4A9200E84E99 /* french.mp3 */; };
/* End PBXBuildFile section */

/* Begin PBXContainerItemProxy section */
		EA82CF612C9128E60075DAF1 /* PBXContainerItemProxy */ = {
			isa = PBXContainerItemProxy;
			containerPortal = EA39D6172C694FF600C5FBE8 /* Project object */;
			proxyType = 1;
			remoteGlobalIDString = EA39D61E2C694FF600C5FBE8;
			remoteInfo = AudioToText;
		};
/* End PBXContainerItemProxy section */

/* Begin PBXFileReference section */
		EA39D61F2C694FF600C5FBE8 /* AudioToText.app */ = {isa = PBXFileReference; explicitFileType = wrapper.application; includeInIndex = 0; path = AudioToText.app; sourceTree = BUILT_PRODUCTS_DIR; };
		EA39D6222C694FF600C5FBE8 /* AudioToTextApp.swift */ = {isa = PBXFileReference; lastKnownFileType = sourcecode.swift; path = AudioToTextApp.swift; sourceTree = "<group>"; };
		EA39D6242C694FF600C5FBE8 /* ContentView.swift */ = {isa = PBXFileReference; lastKnownFileType = sourcecode.swift; path = ContentView.swift; sourceTree = "<group>"; };
		EA39D6262C694FF800C5FBE8 /* Assets.xcassets */ = {isa = PBXFileReference; lastKnownFileType = folder.assetcatalog; path = Assets.xcassets; sourceTree = "<group>"; };
		EA39D6292C694FF800C5FBE8 /* Preview Assets.xcassets */ = {isa = PBXFileReference; lastKnownFileType = folder.assetcatalog; path = "Preview Assets.xcassets"; sourceTree = "<group>"; };
		EA39D62B2C694FF800C5FBE8 /* AudioToText.entitlements */ = {isa = PBXFileReference; lastKnownFileType = text.plist.entitlements; path = AudioToText.entitlements; sourceTree = "<group>"; };
		EA82CF5D2C9128E50075DAF1 /* AudioToTextTests.xctest */ = {isa = PBXFileReference; explicitFileType = wrapper.cfbundle; includeInIndex = 0; path = AudioToTextTests.xctest; sourceTree = BUILT_PRODUCTS_DIR; };
		EA82CF5F2C9128E60075DAF1 /* AudioToTextTests.swift */ = {isa = PBXFileReference; lastKnownFileType = sourcecode.swift; path = AudioToTextTests.swift; sourceTree = "<group>"; };
		EA82CF672C9131D30075DAF1 /* TranscriptView.swift */ = {isa = PBXFileReference; lastKnownFileType = sourcecode.swift; path = TranscriptView.swift; sourceTree = "<group>"; };
		EA98F4F42CB1B3B8005B14DE /* MultipartRequest.swift */ = {isa = PBXFileReference; lastKnownFileType = sourcecode.swift; path = MultipartRequest.swift; sourceTree = "<group>"; };
		EA98F4FA2CB381E0005B14DE /* FileManager.swift */ = {isa = PBXFileReference; lastKnownFileType = sourcecode.swift; path = FileManager.swift; sourceTree = "<group>"; };
		EAA005D72C782EDE003BA057 /* AudioPlayerViewModel.swift */ = {isa = PBXFileReference; lastKnownFileType = sourcecode.swift; path = AudioPlayerViewModel.swift; sourceTree = "<group>"; };
		EAA005DB2C783727003BA057 /* AudioPlayerView.swift */ = {isa = PBXFileReference; lastKnownFileType = sourcecode.swift; path = AudioPlayerView.swift; sourceTree = "<group>"; };
		EAA005DD2C783946003BA057 /* AudioFile.swift */ = {isa = PBXFileReference; lastKnownFileType = sourcecode.swift; path = AudioFile.swift; sourceTree = "<group>"; };
		EAA21B032CAE483A00E84E99 /* TranscriptManager.swift */ = {isa = PBXFileReference; lastKnownFileType = sourcecode.swift; path = TranscriptManager.swift; sourceTree = "<group>"; };
		EAA21B052CAE4A9200E84E99 /* french.mp3 */ = {isa = PBXFileReference; lastKnownFileType = audio.mp3; path = french.mp3; sourceTree = "<group>"; };
/* End PBXFileReference section */

/* Begin PBXFrameworksBuildPhase section */
		EA39D61C2C694FF600C5FBE8 /* Frameworks */ = {
			isa = PBXFrameworksBuildPhase;
			buildActionMask = 2147483647;
			files = (
				EA98F4F82CB24C2B005B14DE /* WhisperKit in Frameworks */,
			);
			runOnlyForDeploymentPostprocessing = 0;
		};
		EA82CF5A2C9128E50075DAF1 /* Frameworks */ = {
			isa = PBXFrameworksBuildPhase;
			buildActionMask = 2147483647;
			files = (
			);
			runOnlyForDeploymentPostprocessing = 0;
		};
/* End PBXFrameworksBuildPhase section */

/* Begin PBXGroup section */
		EA39D6162C694FF600C5FBE8 = {
			isa = PBXGroup;
			children = (
				EA39D6212C694FF600C5FBE8 /* AudioToText */,
				EA82CF5E2C9128E60075DAF1 /* AudioToTextTests */,
				EA39D6202C694FF600C5FBE8 /* Products */,
			);
			sourceTree = "<group>";
		};
		EA39D6202C694FF600C5FBE8 /* Products */ = {
			isa = PBXGroup;
			children = (
				EA39D61F2C694FF600C5FBE8 /* AudioToText.app */,
				EA82CF5D2C9128E50075DAF1 /* AudioToTextTests.xctest */,
			);
			name = Products;
			sourceTree = "<group>";
		};
		EA39D6212C694FF600C5FBE8 /* AudioToText */ = {
			isa = PBXGroup;
			children = (
				EA98F4F92CB381D0005B14DE /* FileManager */,
				EA82CF662C91319A0075DAF1 /* TranscriptView */,
				EAA005DA2C78365A003BA057 /* AudioPlayer */,
				EAA005D62C782EC7003BA057 /* TextToVoiceModel */,
				EA39D6222C694FF600C5FBE8 /* AudioToTextApp.swift */,
				EA39D6242C694FF600C5FBE8 /* ContentView.swift */,
				EA39D6262C694FF800C5FBE8 /* Assets.xcassets */,
				EA39D62B2C694FF800C5FBE8 /* AudioToText.entitlements */,
				EA39D6282C694FF800C5FBE8 /* Preview Content */,
				EAA21B052CAE4A9200E84E99 /* french.mp3 */,
			);
			path = AudioToText;
			sourceTree = "<group>";
		};
		EA39D6282C694FF800C5FBE8 /* Preview Content */ = {
			isa = PBXGroup;
			children = (
				EA39D6292C694FF800C5FBE8 /* Preview Assets.xcassets */,
			);
			path = "Preview Content";
			sourceTree = "<group>";
		};
		EA82CF5E2C9128E60075DAF1 /* AudioToTextTests */ = {
			isa = PBXGroup;
			children = (
				EA82CF5F2C9128E60075DAF1 /* AudioToTextTests.swift */,
			);
			path = AudioToTextTests;
			sourceTree = "<group>";
		};
		EA82CF662C91319A0075DAF1 /* TranscriptView */ = {
			isa = PBXGroup;
			children = (
				EA82CF672C9131D30075DAF1 /* TranscriptView.swift */,
			);
			path = TranscriptView;
			sourceTree = "<group>";
		};
		EA98F4F92CB381D0005B14DE /* FileManager */ = {
			isa = PBXGroup;
			children = (
				EA98F4FA2CB381E0005B14DE /* FileManager.swift */,
			);
			path = FileManager;
			sourceTree = "<group>";
		};
		EAA005D62C782EC7003BA057 /* TextToVoiceModel */ = {
			isa = PBXGroup;
			children = (
				EA98F4F42CB1B3B8005B14DE /* MultipartRequest.swift */,
				EAA21B032CAE483A00E84E99 /* TranscriptManager.swift */,
			);
			path = TextToVoiceModel;
			sourceTree = "<group>";
		};
		EAA005DA2C78365A003BA057 /* AudioPlayer */ = {
			isa = PBXGroup;
			children = (
				EAA005DB2C783727003BA057 /* AudioPlayerView.swift */,
				EAA005D72C782EDE003BA057 /* AudioPlayerViewModel.swift */,
				EAA005DD2C783946003BA057 /* AudioFile.swift */,
			);
			path = AudioPlayer;
			sourceTree = "<group>";
		};
/* End PBXGroup section */

/* Begin PBXNativeTarget section */
		EA39D61E2C694FF600C5FBE8 /* AudioToText */ = {
			isa = PBXNativeTarget;
			buildConfigurationList = EA39D62E2C694FF800C5FBE8 /* Build configuration list for PBXNativeTarget "AudioToText" */;
			buildPhases = (
				EA39D61B2C694FF600C5FBE8 /* Sources */,
				EA39D61C2C694FF600C5FBE8 /* Frameworks */,
				EA39D61D2C694FF600C5FBE8 /* Resources */,
			);
			buildRules = (
			);
			dependencies = (
			);
			name = AudioToText;
			productName = AudioToText;
			productReference = EA39D61F2C694FF600C5FBE8 /* AudioToText.app */;
			productType = "com.apple.product-type.application";
		};
		EA82CF5C2C9128E50075DAF1 /* AudioToTextTests */ = {
			isa = PBXNativeTarget;
			buildConfigurationList = EA82CF652C9128E60075DAF1 /* Build configuration list for PBXNativeTarget "AudioToTextTests" */;
			buildPhases = (
				EA82CF592C9128E50075DAF1 /* Sources */,
				EA82CF5A2C9128E50075DAF1 /* Frameworks */,
				EA82CF5B2C9128E50075DAF1 /* Resources */,
			);
			buildRules = (
			);
			dependencies = (
				EA82CF622C9128E60075DAF1 /* PBXTargetDependency */,
			);
			name = AudioToTextTests;
			productName = AudioToTextTests;
			productReference = EA82CF5D2C9128E50075DAF1 /* AudioToTextTests.xctest */;
			productType = "com.apple.product-type.bundle.unit-test";
		};
/* End PBXNativeTarget section */

/* Begin PBXProject section */
		EA39D6172C694FF600C5FBE8 /* Project object */ = {
			isa = PBXProject;
			attributes = {
				BuildIndependentTargetsInParallel = 1;
				LastSwiftUpdateCheck = 1540;
				LastUpgradeCheck = 1540;
				TargetAttributes = {
					EA39D61E2C694FF600C5FBE8 = {
						CreatedOnToolsVersion = 15.4;
					};
					EA82CF5C2C9128E50075DAF1 = {
						CreatedOnToolsVersion = 15.4;
						TestTargetID = EA39D61E2C694FF600C5FBE8;
					};
				};
			};
			buildConfigurationList = EA39D61A2C694FF600C5FBE8 /* Build configuration list for PBXProject "AudioToText" */;
			compatibilityVersion = "Xcode 14.0";
			developmentRegion = en;
			hasScannedForEncodings = 0;
			knownRegions = (
				en,
				Base,
			);
			mainGroup = EA39D6162C694FF600C5FBE8;
			packageReferences = (
				EA98F4F62CB24C2B005B14DE /* XCRemoteSwiftPackageReference "whisperkit" */,
			);
			productRefGroup = EA39D6202C694FF600C5FBE8 /* Products */;
			projectDirPath = "";
			projectRoot = "";
			targets = (
				EA39D61E2C694FF600C5FBE8 /* AudioToText */,
				EA82CF5C2C9128E50075DAF1 /* AudioToTextTests */,
			);
		};
/* End PBXProject section */

/* Begin PBXResourcesBuildPhase section */
		EA39D61D2C694FF600C5FBE8 /* Resources */ = {
			isa = PBXResourcesBuildPhase;
			buildActionMask = 2147483647;
			files = (
				EA39D62A2C694FF800C5FBE8 /* Preview Assets.xcassets in Resources */,
				EAA21B062CAE4A9200E84E99 /* french.mp3 in Resources */,
				EA39D6272C694FF800C5FBE8 /* Assets.xcassets in Resources */,
			);
			runOnlyForDeploymentPostprocessing = 0;
		};
		EA82CF5B2C9128E50075DAF1 /* Resources */ = {
			isa = PBXResourcesBuildPhase;
			buildActionMask = 2147483647;
			files = (
			);
			runOnlyForDeploymentPostprocessing = 0;
		};
/* End PBXResourcesBuildPhase section */

/* Begin PBXSourcesBuildPhase section */
		EA39D61B2C694FF600C5FBE8 /* Sources */ = {
			isa = PBXSourcesBuildPhase;
			buildActionMask = 2147483647;
			files = (
				EA39D6252C694FF600C5FBE8 /* ContentView.swift in Sources */,
				EAA005D82C782EDE003BA057 /* AudioPlayerViewModel.swift in Sources */,
				EA98F4F52CB1B3B9005B14DE /* MultipartRequest.swift in Sources */,
				EAA005DC2C783727003BA057 /* AudioPlayerView.swift in Sources */,
				EA39D6232C694FF600C5FBE8 /* AudioToTextApp.swift in Sources */,
				EA82CF682C9131D30075DAF1 /* TranscriptView.swift in Sources */,
				EA98F4FB2CB381E8005B14DE /* FileManager.swift in Sources */,
				EAA21B042CAE483A00E84E99 /* TranscriptManager.swift in Sources */,
				EAA005DE2C783946003BA057 /* AudioFile.swift in Sources */,
			);
			runOnlyForDeploymentPostprocessing = 0;
		};
		EA82CF592C9128E50075DAF1 /* Sources */ = {
			isa = PBXSourcesBuildPhase;
			buildActionMask = 2147483647;
			files = (
				EA82CF602C9128E60075DAF1 /* AudioToTextTests.swift in Sources */,
			);
			runOnlyForDeploymentPostprocessing = 0;
		};
/* End PBXSourcesBuildPhase section */

/* Begin PBXTargetDependency section */
		EA82CF622C9128E60075DAF1 /* PBXTargetDependency */ = {
			isa = PBXTargetDependency;
			target = EA39D61E2C694FF600C5FBE8 /* AudioToText */;
			targetProxy = EA82CF612C9128E60075DAF1 /* PBXContainerItemProxy */;
		};
/* End PBXTargetDependency section */

/* Begin XCBuildConfiguration section */
		EA39D62C2C694FF800C5FBE8 /* Debug */ = {
			isa = XCBuildConfiguration;
			buildSettings = {
				ALWAYS_SEARCH_USER_PATHS = NO;
				ASSETCATALOG_COMPILER_GENERATE_SWIFT_ASSET_SYMBOL_EXTENSIONS = YES;
				CLANG_ANALYZER_NONNULL = YES;
				CLANG_ANALYZER_NUMBER_OBJECT_CONVERSION = YES_AGGRESSIVE;
				CLANG_CXX_LANGUAGE_STANDARD = "gnu++20";
				CLANG_ENABLE_MODULES = YES;
				CLANG_ENABLE_OBJC_ARC = YES;
				CLANG_ENABLE_OBJC_WEAK = YES;
				CLANG_WARN_BLOCK_CAPTURE_AUTORELEASING = YES;
				CLANG_WARN_BOOL_CONVERSION = YES;
				CLANG_WARN_COMMA = YES;
				CLANG_WARN_CONSTANT_CONVERSION = YES;
				CLANG_WARN_DEPRECATED_OBJC_IMPLEMENTATIONS = YES;
				CLANG_WARN_DIRECT_OBJC_ISA_USAGE = YES_ERROR;
				CLANG_WARN_DOCUMENTATION_COMMENTS = YES;
				CLANG_WARN_EMPTY_BODY = YES;
				CLANG_WARN_ENUM_CONVERSION = YES;
				CLANG_WARN_INFINITE_RECURSION = YES;
				CLANG_WARN_INT_CONVERSION = YES;
				CLANG_WARN_NON_LITERAL_NULL_CONVERSION = YES;
				CLANG_WARN_OBJC_IMPLICIT_RETAIN_SELF = YES;
				CLANG_WARN_OBJC_LITERAL_CONVERSION = YES;
				CLANG_WARN_OBJC_ROOT_CLASS = YES_ERROR;
				CLANG_WARN_QUOTED_INCLUDE_IN_FRAMEWORK_HEADER = YES;
				CLANG_WARN_RANGE_LOOP_ANALYSIS = YES;
				CLANG_WARN_STRICT_PROTOTYPES = YES;
				CLANG_WARN_SUSPICIOUS_MOVE = YES;
				CLANG_WARN_UNGUARDED_AVAILABILITY = YES_AGGRESSIVE;
				CLANG_WARN_UNREACHABLE_CODE = YES;
				CLANG_WARN__DUPLICATE_METHOD_MATCH = YES;
				COPY_PHASE_STRIP = NO;
				DEBUG_INFORMATION_FORMAT = dwarf;
				ENABLE_STRICT_OBJC_MSGSEND = YES;
				ENABLE_TESTABILITY = YES;
				ENABLE_USER_SCRIPT_SANDBOXING = YES;
				GCC_C_LANGUAGE_STANDARD = gnu17;
				GCC_DYNAMIC_NO_PIC = NO;
				GCC_NO_COMMON_BLOCKS = YES;
				GCC_OPTIMIZATION_LEVEL = 0;
				GCC_PREPROCESSOR_DEFINITIONS = (
					"DEBUG=1",
					"$(inherited)",
				);
				GCC_WARN_64_TO_32_BIT_CONVERSION = YES;
				GCC_WARN_ABOUT_RETURN_TYPE = YES_ERROR;
				GCC_WARN_UNDECLARED_SELECTOR = YES;
				GCC_WARN_UNINITIALIZED_AUTOS = YES_AGGRESSIVE;
				GCC_WARN_UNUSED_FUNCTION = YES;
				GCC_WARN_UNUSED_VARIABLE = YES;
				LOCALIZATION_PREFERS_STRING_CATALOGS = YES;
				MACOSX_DEPLOYMENT_TARGET = 14.3;
				MTL_ENABLE_DEBUG_INFO = INCLUDE_SOURCE;
				MTL_FAST_MATH = YES;
				ONLY_ACTIVE_ARCH = YES;
				SDKROOT = macosx;
				SWIFT_ACTIVE_COMPILATION_CONDITIONS = "DEBUG $(inherited)";
				SWIFT_OPTIMIZATION_LEVEL = "-Onone";
			};
			name = Debug;
		};
		EA39D62D2C694FF800C5FBE8 /* Release */ = {
			isa = XCBuildConfiguration;
			buildSettings = {
				ALWAYS_SEARCH_USER_PATHS = NO;
				ASSETCATALOG_COMPILER_GENERATE_SWIFT_ASSET_SYMBOL_EXTENSIONS = YES;
				CLANG_ANALYZER_NONNULL = YES;
				CLANG_ANALYZER_NUMBER_OBJECT_CONVERSION = YES_AGGRESSIVE;
				CLANG_CXX_LANGUAGE_STANDARD = "gnu++20";
				CLANG_ENABLE_MODULES = YES;
				CLANG_ENABLE_OBJC_ARC = YES;
				CLANG_ENABLE_OBJC_WEAK = YES;
				CLANG_WARN_BLOCK_CAPTURE_AUTORELEASING = YES;
				CLANG_WARN_BOOL_CONVERSION = YES;
				CLANG_WARN_COMMA = YES;
				CLANG_WARN_CONSTANT_CONVERSION = YES;
				CLANG_WARN_DEPRECATED_OBJC_IMPLEMENTATIONS = YES;
				CLANG_WARN_DIRECT_OBJC_ISA_USAGE = YES_ERROR;
				CLANG_WARN_DOCUMENTATION_COMMENTS = YES;
				CLANG_WARN_EMPTY_BODY = YES;
				CLANG_WARN_ENUM_CONVERSION = YES;
				CLANG_WARN_INFINITE_RECURSION = YES;
				CLANG_WARN_INT_CONVERSION = YES;
				CLANG_WARN_NON_LITERAL_NULL_CONVERSION = YES;
				CLANG_WARN_OBJC_IMPLICIT_RETAIN_SELF = YES;
				CLANG_WARN_OBJC_LITERAL_CONVERSION = YES;
				CLANG_WARN_OBJC_ROOT_CLASS = YES_ERROR;
				CLANG_WARN_QUOTED_INCLUDE_IN_FRAMEWORK_HEADER = YES;
				CLANG_WARN_RANGE_LOOP_ANALYSIS = YES;
				CLANG_WARN_STRICT_PROTOTYPES = YES;
				CLANG_WARN_SUSPICIOUS_MOVE = YES;
				CLANG_WARN_UNGUARDED_AVAILABILITY = YES_AGGRESSIVE;
				CLANG_WARN_UNREACHABLE_CODE = YES;
				CLANG_WARN__DUPLICATE_METHOD_MATCH = YES;
				COPY_PHASE_STRIP = NO;
				DEBUG_INFORMATION_FORMAT = "dwarf-with-dsym";
				ENABLE_NS_ASSERTIONS = NO;
				ENABLE_STRICT_OBJC_MSGSEND = YES;
				ENABLE_USER_SCRIPT_SANDBOXING = YES;
				GCC_C_LANGUAGE_STANDARD = gnu17;
				GCC_NO_COMMON_BLOCKS = YES;
				GCC_WARN_64_TO_32_BIT_CONVERSION = YES;
				GCC_WARN_ABOUT_RETURN_TYPE = YES_ERROR;
				GCC_WARN_UNDECLARED_SELECTOR = YES;
				GCC_WARN_UNINITIALIZED_AUTOS = YES_AGGRESSIVE;
				GCC_WARN_UNUSED_FUNCTION = YES;
				GCC_WARN_UNUSED_VARIABLE = YES;
				LOCALIZATION_PREFERS_STRING_CATALOGS = YES;
				MACOSX_DEPLOYMENT_TARGET = 14.3;
				MTL_ENABLE_DEBUG_INFO = NO;
				MTL_FAST_MATH = YES;
				SDKROOT = macosx;
				SWIFT_COMPILATION_MODE = wholemodule;
			};
			name = Release;
		};
		EA39D62F2C694FF800C5FBE8 /* Debug */ = {
			isa = XCBuildConfiguration;
			buildSettings = {
				ASSETCATALOG_COMPILER_APPICON_NAME = AppIcon;
				ASSETCATALOG_COMPILER_GLOBAL_ACCENT_COLOR_NAME = AccentColor;
				CODE_SIGN_ENTITLEMENTS = AudioToText/AudioToText.entitlements;
				"CODE_SIGN_IDENTITY[sdk=macosx*]" = "Apple Development";
				CODE_SIGN_STYLE = Automatic;
				COMBINE_HIDPI_IMAGES = YES;
				CURRENT_PROJECT_VERSION = 1;
				DEVELOPMENT_ASSET_PATHS = "\"AudioToText/Preview Content\"";
				DEVELOPMENT_TEAM = HPAJ3SPF6H;
				ENABLE_PREVIEWS = YES;
				GENERATE_INFOPLIST_FILE = YES;
				INFOPLIST_KEY_NSHumanReadableCopyright = "";
				LD_RUNPATH_SEARCH_PATHS = (
					"$(inherited)",
					"@executable_path/../Frameworks",
				);
				MARKETING_VERSION = 1.0;
				PRODUCT_BUNDLE_IDENTIFIER = alexiaS.AudioToText;
				PRODUCT_NAME = "$(TARGET_NAME)";
				SWIFT_EMIT_LOC_STRINGS = YES;
				SWIFT_VERSION = 5.0;
			};
			name = Debug;
		};
		EA39D6302C694FF800C5FBE8 /* Release */ = {
			isa = XCBuildConfiguration;
			buildSettings = {
				ASSETCATALOG_COMPILER_APPICON_NAME = AppIcon;
				ASSETCATALOG_COMPILER_GLOBAL_ACCENT_COLOR_NAME = AccentColor;
				CODE_SIGN_ENTITLEMENTS = AudioToText/AudioToText.entitlements;
				"CODE_SIGN_IDENTITY[sdk=macosx*]" = "Apple Development";
				CODE_SIGN_STYLE = Automatic;
				COMBINE_HIDPI_IMAGES = YES;
				CURRENT_PROJECT_VERSION = 1;
				DEVELOPMENT_ASSET_PATHS = "\"AudioToText/Preview Content\"";
				DEVELOPMENT_TEAM = HPAJ3SPF6H;
				ENABLE_PREVIEWS = YES;
				GENERATE_INFOPLIST_FILE = YES;
				INFOPLIST_KEY_NSHumanReadableCopyright = "";
				LD_RUNPATH_SEARCH_PATHS = (
					"$(inherited)",
					"@executable_path/../Frameworks",
				);
				MARKETING_VERSION = 1.0;
				PRODUCT_BUNDLE_IDENTIFIER = alexiaS.AudioToText;
				PRODUCT_NAME = "$(TARGET_NAME)";
				SWIFT_EMIT_LOC_STRINGS = YES;
				SWIFT_VERSION = 5.0;
			};
			name = Release;
		};
		EA82CF632C9128E60075DAF1 /* Debug */ = {
			isa = XCBuildConfiguration;
			buildSettings = {
				BUNDLE_LOADER = "$(TEST_HOST)";
				CODE_SIGN_STYLE = Automatic;
				CURRENT_PROJECT_VERSION = 1;
				DEVELOPMENT_TEAM = HPAJ3SPF6H;
				GENERATE_INFOPLIST_FILE = YES;
				MACOSX_DEPLOYMENT_TARGET = 14.5;
				MARKETING_VERSION = 1.0;
				PRODUCT_BUNDLE_IDENTIFIER = alexiaS.AudioToTextTests;
				PRODUCT_NAME = "$(TARGET_NAME)";
				SWIFT_EMIT_LOC_STRINGS = NO;
				SWIFT_VERSION = 5.0;
				TEST_HOST = "$(BUILT_PRODUCTS_DIR)/AudioToText.app/$(BUNDLE_EXECUTABLE_FOLDER_PATH)/AudioToText";
			};
			name = Debug;
		};
		EA82CF642C9128E60075DAF1 /* Release */ = {
			isa = XCBuildConfiguration;
			buildSettings = {
				BUNDLE_LOADER = "$(TEST_HOST)";
				CODE_SIGN_STYLE = Automatic;
				CURRENT_PROJECT_VERSION = 1;
				DEVELOPMENT_TEAM = HPAJ3SPF6H;
				GENERATE_INFOPLIST_FILE = YES;
				MACOSX_DEPLOYMENT_TARGET = 14.5;
				MARKETING_VERSION = 1.0;
				PRODUCT_BUNDLE_IDENTIFIER = alexiaS.AudioToTextTests;
				PRODUCT_NAME = "$(TARGET_NAME)";
				SWIFT_EMIT_LOC_STRINGS = NO;
				SWIFT_VERSION = 5.0;
				TEST_HOST = "$(BUILT_PRODUCTS_DIR)/AudioToText.app/$(BUNDLE_EXECUTABLE_FOLDER_PATH)/AudioToText";
			};
			name = Release;
		};
/* End XCBuildConfiguration section */

/* Begin XCConfigurationList section */
		EA39D61A2C694FF600C5FBE8 /* Build configuration list for PBXProject "AudioToText" */ = {
			isa = XCConfigurationList;
			buildConfigurations = (
				EA39D62C2C694FF800C5FBE8 /* Debug */,
				EA39D62D2C694FF800C5FBE8 /* Release */,
			);
			defaultConfigurationIsVisible = 0;
			defaultConfigurationName = Release;
		};
		EA39D62E2C694FF800C5FBE8 /* Build configuration list for PBXNativeTarget "AudioToText" */ = {
			isa = XCConfigurationList;
			buildConfigurations = (
				EA39D62F2C694FF800C5FBE8 /* Debug */,
				EA39D6302C694FF800C5FBE8 /* Release */,
			);
			defaultConfigurationIsVisible = 0;
			defaultConfigurationName = Release;
		};
		EA82CF652C9128E60075DAF1 /* Build configuration list for PBXNativeTarget "AudioToTextTests" */ = {
			isa = XCConfigurationList;
			buildConfigurations = (
				EA82CF632C9128E60075DAF1 /* Debug */,
				EA82CF642C9128E60075DAF1 /* Release */,
			);
			defaultConfigurationIsVisible = 0;
			defaultConfigurationName = Release;
		};
/* End XCConfigurationList section */

/* Begin XCRemoteSwiftPackageReference section */
		EA98F4F62CB24C2B005B14DE /* XCRemoteSwiftPackageReference "whisperkit" */ = {
			isa = XCRemoteSwiftPackageReference;
			repositoryURL = "https://github.com/argmaxinc/whisperkit";
			requirement = {
				branch = main;
				kind = branch;
			};
		};
/* End XCRemoteSwiftPackageReference section */

/* Begin XCSwiftPackageProductDependency section */
		EA98F4F72CB24C2B005B14DE /* WhisperKit */ = {
			isa = XCSwiftPackageProductDependency;
			package = EA98F4F62CB24C2B005B14DE /* XCRemoteSwiftPackageReference "whisperkit" */;
			productName = WhisperKit;
		};
/* End XCSwiftPackageProductDependency section */
	};
	rootObject = EA39D6172C694FF600C5FBE8 /* Project object */;
}
